
Microsoft Visual Studio Solution File, Format Version 12.00
# Visual Studio Version 17
VisualStudioVersion = 17.2.32616.157
MinimumVisualStudioVersion = 10.0.40219.1
Project("{9A19103F-16F7-4668-BE54-9A1E7A4F7556}") = "ServiceQuery", "src\ServiceQuery\ServiceQuery.csproj", "{9E0DFD17-9698-475F-A453-1D680A34DC7D}"
EndProject
Project("{2150E333-8FDC-42A3-9474-1A3956D46DE8}") = "Tests", "Tests", "{B95F2A1E-93C5-4CB8-847A-1695011B9C6F}"
EndProject
Project("{9A19103F-16F7-4668-BE54-9A1E7A4F7556}") = "ServiceQuery.AzureDataTables", "src\ServiceQuery.AzureDataTables\ServiceQuery.AzureDataTables.csproj", "{164E1DD7-9227-4CDA-BC19-9761180438AB}"
EndProject
Project("{9A19103F-16F7-4668-BE54-9A1E7A4F7556}") = "ServiceQueryNet6.Xunit", "src\tests\ServiceQueryNet6.Xunit\ServiceQueryNet6.Xunit.csproj", "{AB5F494F-8FF9-42F3-B1B2-237E158D4FCA}"
EndProject
Project("{9A19103F-16F7-4668-BE54-9A1E7A4F7556}") = "ServiceQueryNet7.Xunit", "src\tests\ServiceQueryNet7.Xunit\ServiceQueryNet7.Xunit.csproj", "{83563838-E9D7-46E0-A75A-791BEA0B21B1}"
EndProject
Project("{9A19103F-16F7-4668-BE54-9A1E7A4F7556}") = "ServiceQueryNet8.Integration.Xunit", "src\tests\ServiceQueryNet8.Integration.Xunit\ServiceQueryNet8.Integration.Xunit.csproj", "{6EE6807C-8F10-456C-83FD-88BBC4BDD332}"
EndProject
Project("{9A19103F-16F7-4668-BE54-9A1E7A4F7556}") = "ServiceQueryNet8.Xunit", "src\tests\ServiceQueryNet8.Xunit\ServiceQueryNet8.Xunit.csproj", "{99CC31AC-0187-48C7-83CF-EB9D049F883E}"
EndProject
Project("{9A19103F-16F7-4668-BE54-9A1E7A4F7556}") = "ServiceQuery.AzureDataTablesNet8.Integration.Xunit", "src\tests\ServiceQuery.AzureDataTablesNet8.Integration.Xunit\ServiceQuery.AzureDataTablesNet8.Integration.Xunit.csproj", "{F18413C0-2BAE-47DD-9BEC-1795ACF5CEEF}"
EndProject
Global
	GlobalSection(SolutionConfigurationPlatforms) = preSolution
		Debug|Any CPU = Debug|Any CPU
		Release|Any CPU = Release|Any CPU
	EndGlobalSection
	GlobalSection(ProjectConfigurationPlatforms) = postSolution
		{9E0DFD17-9698-475F-A453-1D680A34DC7D}.Debug|Any CPU.ActiveCfg = Debug|Any CPU
		{9E0DFD17-9698-475F-A453-1D680A34DC7D}.Debug|Any CPU.Build.0 = Debug|Any CPU
		{9E0DFD17-9698-475F-A453-1D680A34DC7D}.Release|Any CPU.ActiveCfg = Release|Any CPU
		{9E0DFD17-9698-475F-A453-1D680A34DC7D}.Release|Any CPU.Build.0 = Release|Any CPU
		{164E1DD7-9227-4CDA-BC19-9761180438AB}.Debug|Any CPU.ActiveCfg = Debug|Any CPU
		{164E1DD7-9227-4CDA-BC19-9761180438AB}.Debug|Any CPU.Build.0 = Debug|Any CPU
		{164E1DD7-9227-4CDA-BC19-9761180438AB}.Release|Any CPU.ActiveCfg = Release|Any CPU
		{164E1DD7-9227-4CDA-BC19-9761180438AB}.Release|Any CPU.Build.0 = Release|Any CPU
		{AB5F494F-8FF9-42F3-B1B2-237E158D4FCA}.Debug|Any CPU.ActiveCfg = Debug|Any CPU
		{AB5F494F-8FF9-42F3-B1B2-237E158D4FCA}.Debug|Any CPU.Build.0 = Debug|Any CPU
		{AB5F494F-8FF9-42F3-B1B2-237E158D4FCA}.Release|Any CPU.ActiveCfg = Release|Any CPU
		{AB5F494F-8FF9-42F3-B1B2-237E158D4FCA}.Release|Any CPU.Build.0 = Release|Any CPU
		{83563838-E9D7-46E0-A75A-791BEA0B21B1}.Debug|Any CPU.ActiveCfg = Debug|Any CPU
		{83563838-E9D7-46E0-A75A-791BEA0B21B1}.Debug|Any CPU.Build.0 = Debug|Any CPU
		{83563838-E9D7-46E0-A75A-791BEA0B21B1}.Release|Any CPU.ActiveCfg = Release|Any CPU
		{83563838-E9D7-46E0-A75A-791BEA0B21B1}.Release|Any CPU.Build.0 = Release|Any CPU
		{6EE6807C-8F10-456C-83FD-88BBC4BDD332}.Debug|Any CPU.ActiveCfg = Debug|Any CPU
		{6EE6807C-8F10-456C-83FD-88BBC4BDD332}.Debug|Any CPU.Build.0 = Debug|Any CPU
		{6EE6807C-8F10-456C-83FD-88BBC4BDD332}.Release|Any CPU.ActiveCfg = Release|Any CPU
		{6EE6807C-8F10-456C-83FD-88BBC4BDD332}.Release|Any CPU.Build.0 = Release|Any CPU
		{99CC31AC-0187-48C7-83CF-EB9D049F883E}.Debug|Any CPU.ActiveCfg = Debug|Any CPU
		{99CC31AC-0187-48C7-83CF-EB9D049F883E}.Debug|Any CPU.Build.0 = Debug|Any CPU
		{99CC31AC-0187-48C7-83CF-EB9D049F883E}.Release|Any CPU.ActiveCfg = Release|Any CPU
		{99CC31AC-0187-48C7-83CF-EB9D049F883E}.Release|Any CPU.Build.0 = Release|Any CPU
		{F18413C0-2BAE-47DD-9BEC-1795ACF5CEEF}.Debug|Any CPU.ActiveCfg = Debug|Any CPU
		{F18413C0-2BAE-47DD-9BEC-1795ACF5CEEF}.Debug|Any CPU.Build.0 = Debug|Any CPU
		{F18413C0-2BAE-47DD-9BEC-1795ACF5CEEF}.Release|Any CPU.ActiveCfg = Release|Any CPU
		{F18413C0-2BAE-47DD-9BEC-1795ACF5CEEF}.Release|Any CPU.Build.0 = Release|Any CPU
	EndGlobalSection
	GlobalSection(SolutionProperties) = preSolution
		HideSolutionNode = FALSE
	EndGlobalSection
	GlobalSection(NestedProjects) = preSolution
		{AB5F494F-8FF9-42F3-B1B2-237E158D4FCA} = {B95F2A1E-93C5-4CB8-847A-1695011B9C6F}
		{83563838-E9D7-46E0-A75A-791BEA0B21B1} = {B95F2A1E-93C5-4CB8-847A-1695011B9C6F}
		{6EE6807C-8F10-456C-83FD-88BBC4BDD332} = {B95F2A1E-93C5-4CB8-847A-1695011B9C6F}
		{99CC31AC-0187-48C7-83CF-EB9D049F883E} = {B95F2A1E-93C5-4CB8-847A-1695011B9C6F}
		{F18413C0-2BAE-47DD-9BEC-1795ACF5CEEF} = {B95F2A1E-93C5-4CB8-847A-1695011B9C6F}
	EndGlobalSection
	GlobalSection(ExtensibilityGlobals) = postSolution
		SolutionGuid = {F708D827-C6F0-4D56-A3C1-F45D8B98F897}
	EndGlobalSection
EndGlobal
