
Microsoft Visual Studio Solution File, Format Version 12.00
# Visual Studio Version 17
VisualStudioVersion = 17.2.32616.157
MinimumVisualStudioVersion = 10.0.40219.1
Project("{9A19103F-16F7-4668-BE54-9A1E7A4F7556}") = "ServiceQuery", "src\ServiceQuery\ServiceQuery.csproj", "{9E0DFD17-9698-475F-A453-1D680A34DC7D}"
EndProject
Project("{2150E333-8FDC-42A3-9474-1A3956D46DE8}") = "Test", "Test", "{B95F2A1E-93C5-4CB8-847A-1695011B9C6F}"
EndProject
Project("{9A19103F-16F7-4668-BE54-9A1E7A4F7556}") = "ServiceQuery.AzureDataTables", "src\ServiceQuery.AzureDataTables\ServiceQuery.AzureDataTables.csproj", "{164E1DD7-9227-4CDA-BC19-9761180438AB}"
EndProject
Project("{9A19103F-16F7-4668-BE54-9A1E7A4F7556}") = "ServiceQueryNet6.Xunit", "src\tests\ServiceQueryNet6.Xunit\ServiceQueryNet6.Xunit.csproj", "{AB5F494F-8FF9-42F3-B1B2-237E158D4FCA}"
EndProject
Project("{9A19103F-16F7-4668-BE54-9A1E7A4F7556}") = "ServiceQueryNet7.Xunit", "src\tests\ServiceQueryNet7.Xunit\ServiceQueryNet7.Xunit.csproj", "{83563838-E9D7-46E0-A75A-791BEA0B21B1}"
EndProject
Project("{9A19103F-16F7-4668-BE54-9A1E7A4F7556}") = "ServiceQueryNet8.Integration.Xunit", "src\tests\ServiceQueryNet8.Integration.Xunit\ServiceQueryNet8.Integration.Xunit.csproj", "{6EE6807C-8F10-456C-83FD-88BBC4BDD332}"
EndProject
Project("{9A19103F-16F7-4668-BE54-9A1E7A4F7556}") = "ServiceQueryNet8.Xunit", "src\tests\ServiceQueryNet8.Xunit\ServiceQueryNet8.Xunit.csproj", "{99CC31AC-0187-48C7-83CF-EB9D049F883E}"
EndProject
Project("{9A19103F-16F7-4668-BE54-9A1E7A4F7556}") = "ServiceQuery.AzureDataTablesNet8.Integration.Xunit", "src\tests\ServiceQuery.AzureDataTablesNet8.Integration.Xunit\ServiceQuery.AzureDataTablesNet8.Integration.Xunit.csproj", "{F18413C0-2BAE-47DD-9BEC-1795ACF5CEEF}"
EndProject
Project("{2150E333-8FDC-42A3-9474-1A3956D46DE8}") = "V1", "V1", "{4ED2941B-211C-4BEF-8039-E7BC09DD36CD}"
EndProject
Project("{2150E333-8FDC-42A3-9474-1A3956D46DE8}") = "V2", "V2", "{95A4BAC1-B070-43C3-B97E-FFE33E5D7C68}"
EndProject
Project("{9A19103F-16F7-4668-BE54-9A1E7A4F7556}") = "ServiceQuery", "src\ServiceQueryV2\ServiceQuery.csproj", "{C8EC306E-305E-4977-A8AD-324F28A18DB2}"
EndProject
Project("{9A19103F-16F7-4668-BE54-9A1E7A4F7556}") = "ServiceQuery.AzureDataTables", "src\ServiceQuery.AzureDataTablesV2\ServiceQuery.AzureDataTables.csproj", "{38933403-A973-4B9F-AB6C-8A0B37D4DB0F}"
EndProject
Project("{2150E333-8FDC-42A3-9474-1A3956D46DE8}") = "Test", "Test", "{CDCE8DCF-CCAE-4110-A51E-4DD07BF24885}"
EndProject
Project("{9A19103F-16F7-4668-BE54-9A1E7A4F7556}") = "ServiceQueryV2Net8.Integration.Xunit", "src\Tests\ServiceQueryV2Net8.Integration.Xunit\ServiceQueryV2Net8.Integration.Xunit.csproj", "{F13E1A15-CE47-4A04-A508-9AE0DDC0DFCE}"
EndProject
Project("{9A19103F-16F7-4668-BE54-9A1E7A4F7556}") = "ServiceQueryV2Net8.Xunit", "src\Tests\ServiceQueryV2Net8.Xunit\ServiceQueryV2Net8.Xunit.csproj", "{9538825C-8868-45F5-B3F8-54C6000176C6}"
EndProject
Project("{9A19103F-16F7-4668-BE54-9A1E7A4F7556}") = "ServiceQuery.AzureDataTablesV2Net8.Integration.Xunit", "src\Tests\ServiceQuery.AzureDataTablesV2Net8.Integration.Xunit\ServiceQuery.AzureDataTablesV2Net8.Integration.Xunit.csproj", "{90E31385-8FD8-4940-ADDC-D24FA284D44F}"
EndProject
Project("{9A19103F-16F7-4668-BE54-9A1E7A4F7556}") = "ServiceQueryNet6.Integration.Xunit", "src\Tests\ServiceQueryNet6.Integration.Xunit\ServiceQueryNet6.Integration.Xunit.csproj", "{C70F3CB5-EC87-45D9-8346-3C5DF8A47574}"
EndProject
Project("{9A19103F-16F7-4668-BE54-9A1E7A4F7556}") = "ServiceQueryNet7.Integration.Xunit", "src\Tests\ServiceQueryNet7.Integration.Xunit\ServiceQueryNet7.Integration.Xunit.csproj", "{C8B0B7A4-7BC1-4234-919A-2F099DC1F0CC}"
EndProject
Project("{9A19103F-16F7-4668-BE54-9A1E7A4F7556}") = "ServiceQueryV2Net6.Xunit", "src\Tests\ServiceQueryV2Net6.Xunit\ServiceQueryV2Net6.Xunit.csproj", "{605277F0-8655-434E-B2FA-C86D3D62F4F7}"
EndProject
Project("{9A19103F-16F7-4668-BE54-9A1E7A4F7556}") = "ServiceQueryV2Net7.Xunit", "src\Tests\ServiceQueryV2Net7.Xunit\ServiceQueryV2Net7.Xunit.csproj", "{32110F60-13E5-43A3-AA8D-A75F1AD24AA3}"
EndProject
Global
	GlobalSection(SolutionConfigurationPlatforms) = preSolution
		Debug|Any CPU = Debug|Any CPU
		Release|Any CPU = Release|Any CPU
	EndGlobalSection
	GlobalSection(ProjectConfigurationPlatforms) = postSolution
		{9E0DFD17-9698-475F-A453-1D680A34DC7D}.Debug|Any CPU.ActiveCfg = Debug|Any CPU
		{9E0DFD17-9698-475F-A453-1D680A34DC7D}.Debug|Any CPU.Build.0 = Debug|Any CPU
		{9E0DFD17-9698-475F-A453-1D680A34DC7D}.Release|Any CPU.ActiveCfg = Release|Any CPU
		{9E0DFD17-9698-475F-A453-1D680A34DC7D}.Release|Any CPU.Build.0 = Release|Any CPU
		{164E1DD7-9227-4CDA-BC19-9761180438AB}.Debug|Any CPU.ActiveCfg = Debug|Any CPU
		{164E1DD7-9227-4CDA-BC19-9761180438AB}.Debug|Any CPU.Build.0 = Debug|Any CPU
		{164E1DD7-9227-4CDA-BC19-9761180438AB}.Release|Any CPU.ActiveCfg = Release|Any CPU
		{164E1DD7-9227-4CDA-BC19-9761180438AB}.Release|Any CPU.Build.0 = Release|Any CPU
		{AB5F494F-8FF9-42F3-B1B2-237E158D4FCA}.Debug|Any CPU.ActiveCfg = Debug|Any CPU
		{AB5F494F-8FF9-42F3-B1B2-237E158D4FCA}.Debug|Any CPU.Build.0 = Debug|Any CPU
		{AB5F494F-8FF9-42F3-B1B2-237E158D4FCA}.Release|Any CPU.ActiveCfg = Release|Any CPU
		{AB5F494F-8FF9-42F3-B1B2-237E158D4FCA}.Release|Any CPU.Build.0 = Release|Any CPU
		{83563838-E9D7-46E0-A75A-791BEA0B21B1}.Debug|Any CPU.ActiveCfg = Debug|Any CPU
		{83563838-E9D7-46E0-A75A-791BEA0B21B1}.Debug|Any CPU.Build.0 = Debug|Any CPU
		{83563838-E9D7-46E0-A75A-791BEA0B21B1}.Release|Any CPU.ActiveCfg = Release|Any CPU
		{83563838-E9D7-46E0-A75A-791BEA0B21B1}.Release|Any CPU.Build.0 = Release|Any CPU
		{6EE6807C-8F10-456C-83FD-88BBC4BDD332}.Debug|Any CPU.ActiveCfg = Debug|Any CPU
		{6EE6807C-8F10-456C-83FD-88BBC4BDD332}.Debug|Any CPU.Build.0 = Debug|Any CPU
		{6EE6807C-8F10-456C-83FD-88BBC4BDD332}.Release|Any CPU.ActiveCfg = Release|Any CPU
		{6EE6807C-8F10-456C-83FD-88BBC4BDD332}.Release|Any CPU.Build.0 = Release|Any CPU
		{99CC31AC-0187-48C7-83CF-EB9D049F883E}.Debug|Any CPU.ActiveCfg = Debug|Any CPU
		{99CC31AC-0187-48C7-83CF-EB9D049F883E}.Debug|Any CPU.Build.0 = Debug|Any CPU
		{99CC31AC-0187-48C7-83CF-EB9D049F883E}.Release|Any CPU.ActiveCfg = Release|Any CPU
		{99CC31AC-0187-48C7-83CF-EB9D049F883E}.Release|Any CPU.Build.0 = Release|Any CPU
		{F18413C0-2BAE-47DD-9BEC-1795ACF5CEEF}.Debug|Any CPU.ActiveCfg = Debug|Any CPU
		{F18413C0-2BAE-47DD-9BEC-1795ACF5CEEF}.Debug|Any CPU.Build.0 = Debug|Any CPU
		{F18413C0-2BAE-47DD-9BEC-1795ACF5CEEF}.Release|Any CPU.ActiveCfg = Release|Any CPU
		{F18413C0-2BAE-47DD-9BEC-1795ACF5CEEF}.Release|Any CPU.Build.0 = Release|Any CPU
		{C8EC306E-305E-4977-A8AD-324F28A18DB2}.Debug|Any CPU.ActiveCfg = Debug|Any CPU
		{C8EC306E-305E-4977-A8AD-324F28A18DB2}.Debug|Any CPU.Build.0 = Debug|Any CPU
		{C8EC306E-305E-4977-A8AD-324F28A18DB2}.Release|Any CPU.ActiveCfg = Release|Any CPU
		{C8EC306E-305E-4977-A8AD-324F28A18DB2}.Release|Any CPU.Build.0 = Release|Any CPU
		{38933403-A973-4B9F-AB6C-8A0B37D4DB0F}.Debug|Any CPU.ActiveCfg = Debug|Any CPU
		{38933403-A973-4B9F-AB6C-8A0B37D4DB0F}.Debug|Any CPU.Build.0 = Debug|Any CPU
		{38933403-A973-4B9F-AB6C-8A0B37D4DB0F}.Release|Any CPU.ActiveCfg = Release|Any CPU
		{38933403-A973-4B9F-AB6C-8A0B37D4DB0F}.Release|Any CPU.Build.0 = Release|Any CPU
		{F13E1A15-CE47-4A04-A508-9AE0DDC0DFCE}.Debug|Any CPU.ActiveCfg = Debug|Any CPU
		{F13E1A15-CE47-4A04-A508-9AE0DDC0DFCE}.Debug|Any CPU.Build.0 = Debug|Any CPU
		{F13E1A15-CE47-4A04-A508-9AE0DDC0DFCE}.Release|Any CPU.ActiveCfg = Release|Any CPU
		{F13E1A15-CE47-4A04-A508-9AE0DDC0DFCE}.Release|Any CPU.Build.0 = Release|Any CPU
		{9538825C-8868-45F5-B3F8-54C6000176C6}.Debug|Any CPU.ActiveCfg = Debug|Any CPU
		{9538825C-8868-45F5-B3F8-54C6000176C6}.Debug|Any CPU.Build.0 = Debug|Any CPU
		{9538825C-8868-45F5-B3F8-54C6000176C6}.Release|Any CPU.ActiveCfg = Release|Any CPU
		{9538825C-8868-45F5-B3F8-54C6000176C6}.Release|Any CPU.Build.0 = Release|Any CPU
		{90E31385-8FD8-4940-ADDC-D24FA284D44F}.Debug|Any CPU.ActiveCfg = Debug|Any CPU
		{90E31385-8FD8-4940-ADDC-D24FA284D44F}.Debug|Any CPU.Build.0 = Debug|Any CPU
		{90E31385-8FD8-4940-ADDC-D24FA284D44F}.Release|Any CPU.ActiveCfg = Release|Any CPU
		{90E31385-8FD8-4940-ADDC-D24FA284D44F}.Release|Any CPU.Build.0 = Release|Any CPU
		{C70F3CB5-EC87-45D9-8346-3C5DF8A47574}.Debug|Any CPU.ActiveCfg = Debug|Any CPU
		{C70F3CB5-EC87-45D9-8346-3C5DF8A47574}.Debug|Any CPU.Build.0 = Debug|Any CPU
		{C70F3CB5-EC87-45D9-8346-3C5DF8A47574}.Release|Any CPU.ActiveCfg = Release|Any CPU
		{C70F3CB5-EC87-45D9-8346-3C5DF8A47574}.Release|Any CPU.Build.0 = Release|Any CPU
		{C8B0B7A4-7BC1-4234-919A-2F099DC1F0CC}.Debug|Any CPU.ActiveCfg = Debug|Any CPU
		{C8B0B7A4-7BC1-4234-919A-2F099DC1F0CC}.Debug|Any CPU.Build.0 = Debug|Any CPU
		{C8B0B7A4-7BC1-4234-919A-2F099DC1F0CC}.Release|Any CPU.ActiveCfg = Release|Any CPU
		{C8B0B7A4-7BC1-4234-919A-2F099DC1F0CC}.Release|Any CPU.Build.0 = Release|Any CPU
		{605277F0-8655-434E-B2FA-C86D3D62F4F7}.Debug|Any CPU.ActiveCfg = Debug|Any CPU
		{605277F0-8655-434E-B2FA-C86D3D62F4F7}.Debug|Any CPU.Build.0 = Debug|Any CPU
		{605277F0-8655-434E-B2FA-C86D3D62F4F7}.Release|Any CPU.ActiveCfg = Release|Any CPU
		{605277F0-8655-434E-B2FA-C86D3D62F4F7}.Release|Any CPU.Build.0 = Release|Any CPU
		{32110F60-13E5-43A3-AA8D-A75F1AD24AA3}.Debug|Any CPU.ActiveCfg = Debug|Any CPU
		{32110F60-13E5-43A3-AA8D-A75F1AD24AA3}.Debug|Any CPU.Build.0 = Debug|Any CPU
		{32110F60-13E5-43A3-AA8D-A75F1AD24AA3}.Release|Any CPU.ActiveCfg = Release|Any CPU
		{32110F60-13E5-43A3-AA8D-A75F1AD24AA3}.Release|Any CPU.Build.0 = Release|Any CPU
	EndGlobalSection
	GlobalSection(SolutionProperties) = preSolution
		HideSolutionNode = FALSE
	EndGlobalSection
	GlobalSection(NestedProjects) = preSolution
		{9E0DFD17-9698-475F-A453-1D680A34DC7D} = {4ED2941B-211C-4BEF-8039-E7BC09DD36CD}
		{B95F2A1E-93C5-4CB8-847A-1695011B9C6F} = {4ED2941B-211C-4BEF-8039-E7BC09DD36CD}
		{164E1DD7-9227-4CDA-BC19-9761180438AB} = {4ED2941B-211C-4BEF-8039-E7BC09DD36CD}
		{AB5F494F-8FF9-42F3-B1B2-237E158D4FCA} = {B95F2A1E-93C5-4CB8-847A-1695011B9C6F}
		{83563838-E9D7-46E0-A75A-791BEA0B21B1} = {B95F2A1E-93C5-4CB8-847A-1695011B9C6F}
		{6EE6807C-8F10-456C-83FD-88BBC4BDD332} = {B95F2A1E-93C5-4CB8-847A-1695011B9C6F}
		{99CC31AC-0187-48C7-83CF-EB9D049F883E} = {B95F2A1E-93C5-4CB8-847A-1695011B9C6F}
		{F18413C0-2BAE-47DD-9BEC-1795ACF5CEEF} = {B95F2A1E-93C5-4CB8-847A-1695011B9C6F}
		{C8EC306E-305E-4977-A8AD-324F28A18DB2} = {95A4BAC1-B070-43C3-B97E-FFE33E5D7C68}
		{38933403-A973-4B9F-AB6C-8A0B37D4DB0F} = {95A4BAC1-B070-43C3-B97E-FFE33E5D7C68}
		{CDCE8DCF-CCAE-4110-A51E-4DD07BF24885} = {95A4BAC1-B070-43C3-B97E-FFE33E5D7C68}
		{F13E1A15-CE47-4A04-A508-9AE0DDC0DFCE} = {CDCE8DCF-CCAE-4110-A51E-4DD07BF24885}
		{9538825C-8868-45F5-B3F8-54C6000176C6} = {CDCE8DCF-CCAE-4110-A51E-4DD07BF24885}
		{90E31385-8FD8-4940-ADDC-D24FA284D44F} = {CDCE8DCF-CCAE-4110-A51E-4DD07BF24885}
		{C70F3CB5-EC87-45D9-8346-3C5DF8A47574} = {B95F2A1E-93C5-4CB8-847A-1695011B9C6F}
		{C8B0B7A4-7BC1-4234-919A-2F099DC1F0CC} = {B95F2A1E-93C5-4CB8-847A-1695011B9C6F}
		{605277F0-8655-434E-B2FA-C86D3D62F4F7} = {CDCE8DCF-CCAE-4110-A51E-4DD07BF24885}
		{32110F60-13E5-43A3-AA8D-A75F1AD24AA3} = {CDCE8DCF-CCAE-4110-A51E-4DD07BF24885}
	EndGlobalSection
	GlobalSection(ExtensibilityGlobals) = postSolution
		SolutionGuid = {F708D827-C6F0-4D56-A3C1-F45D8B98F897}
	EndGlobalSection
EndGlobal
